// !$*UTF8*$!
{
	archiveVersion = 1;
	classes = {
	};
	objectVersion = 50;
	objects = {

/* Begin PBXBuildFile section */
		8D0BACA0231A8AB200728CA4 /* GalleryCell.swift in Sources */ = {isa = PBXBuildFile; fileRef = 8D0BAC9F231A8AB200728CA4 /* GalleryCell.swift */; };
		8D4546832314D11500DF7CCA /* AppDelegate.swift in Sources */ = {isa = PBXBuildFile; fileRef = 8D4546822314D11500DF7CCA /* AppDelegate.swift */; };
		8D4546882314D11500DF7CCA /* Main.storyboard in Resources */ = {isa = PBXBuildFile; fileRef = 8D4546862314D11500DF7CCA /* Main.storyboard */; };
		8D45468D2314D11600DF7CCA /* Assets.xcassets in Resources */ = {isa = PBXBuildFile; fileRef = 8D45468C2314D11600DF7CCA /* Assets.xcassets */; };
		8D4546902314D11600DF7CCA /* LaunchScreen.storyboard in Resources */ = {isa = PBXBuildFile; fileRef = 8D45468E2314D11600DF7CCA /* LaunchScreen.storyboard */; };
		8D45469E2315139500DF7CCA /* MainMapViewController.swift in Sources */ = {isa = PBXBuildFile; fileRef = 8D45469D2315139500DF7CCA /* MainMapViewController.swift */; };
		8D4546A223152B9400DF7CCA /* PhotoAlbumViewController.swift in Sources */ = {isa = PBXBuildFile; fileRef = 8D4546A123152B9300DF7CCA /* PhotoAlbumViewController.swift */; };
		8D4546A82315825A00DF7CCA /* DataController.swift in Sources */ = {isa = PBXBuildFile; fileRef = 8D4546A72315825A00DF7CCA /* DataController.swift */; };
		8D9384112316A355002027B9 /* VirtualTourist.xcdatamodeld in Sources */ = {isa = PBXBuildFile; fileRef = 8D93840F2316A355002027B9 /* VirtualTourist.xcdatamodeld */; };
		8DFDC70E231E00B500AFFC68 /* AppClient.swift in Sources */ = {isa = PBXBuildFile; fileRef = 8DFDC70D231E00B500AFFC68 /* AppClient.swift */; };
		8DFDC711231E12BC00AFFC68 /* PhotoResponse.swift in Sources */ = {isa = PBXBuildFile; fileRef = 8DFDC710231E12BC00AFFC68 /* PhotoResponse.swift */; };
		8DFDC714231E84C600AFFC68 /* PhotoSearchRequest.swift in Sources */ = {isa = PBXBuildFile; fileRef = 8DFDC713231E84C600AFFC68 /* PhotoSearchRequest.swift */; };
/* End PBXBuildFile section */

/* Begin PBXFileReference section */
		8D0BAC9F231A8AB200728CA4 /* GalleryCell.swift */ = {isa = PBXFileReference; lastKnownFileType = sourcecode.swift; path = GalleryCell.swift; sourceTree = "<group>"; };
		8D45467F2314D11400DF7CCA /* Virtual Tourist.app */ = {isa = PBXFileReference; explicitFileType = wrapper.application; includeInIndex = 0; path = "Virtual Tourist.app"; sourceTree = BUILT_PRODUCTS_DIR; };
		8D4546822314D11500DF7CCA /* AppDelegate.swift */ = {isa = PBXFileReference; lastKnownFileType = sourcecode.swift; path = AppDelegate.swift; sourceTree = "<group>"; };
		8D4546872314D11500DF7CCA /* Base */ = {isa = PBXFileReference; lastKnownFileType = file.storyboard; name = Base; path = Base.lproj/Main.storyboard; sourceTree = "<group>"; };
		8D45468C2314D11600DF7CCA /* Assets.xcassets */ = {isa = PBXFileReference; lastKnownFileType = folder.assetcatalog; path = Assets.xcassets; sourceTree = "<group>"; };
		8D45468F2314D11600DF7CCA /* Base */ = {isa = PBXFileReference; lastKnownFileType = file.storyboard; name = Base; path = Base.lproj/LaunchScreen.storyboard; sourceTree = "<group>"; };
		8D4546912314D11600DF7CCA /* Info.plist */ = {isa = PBXFileReference; lastKnownFileType = text.plist.xml; path = Info.plist; sourceTree = "<group>"; };
		8D45469D2315139500DF7CCA /* MainMapViewController.swift */ = {isa = PBXFileReference; lastKnownFileType = sourcecode.swift; path = MainMapViewController.swift; sourceTree = "<group>"; };
		8D4546A123152B9300DF7CCA /* PhotoAlbumViewController.swift */ = {isa = PBXFileReference; lastKnownFileType = sourcecode.swift; path = PhotoAlbumViewController.swift; sourceTree = "<group>"; };
		8D4546A72315825A00DF7CCA /* DataController.swift */ = {isa = PBXFileReference; lastKnownFileType = sourcecode.swift; path = DataController.swift; sourceTree = "<group>"; };
		8D9384102316A355002027B9 /* VirtualTourist.xcdatamodel */ = {isa = PBXFileReference; lastKnownFileType = wrapper.xcdatamodel; path = VirtualTourist.xcdatamodel; sourceTree = "<group>"; };
		8DFDC70D231E00B500AFFC68 /* AppClient.swift */ = {isa = PBXFileReference; lastKnownFileType = sourcecode.swift; path = AppClient.swift; sourceTree = "<group>"; };
		8DFDC710231E12BC00AFFC68 /* PhotoResponse.swift */ = {isa = PBXFileReference; lastKnownFileType = sourcecode.swift; path = PhotoResponse.swift; sourceTree = "<group>"; };
		8DFDC713231E84C600AFFC68 /* PhotoSearchRequest.swift */ = {isa = PBXFileReference; lastKnownFileType = sourcecode.swift; path = PhotoSearchRequest.swift; sourceTree = "<group>"; };
/* End PBXFileReference section */

/* Begin PBXFrameworksBuildPhase section */
		8D45467C2314D11400DF7CCA /* Frameworks */ = {
			isa = PBXFrameworksBuildPhase;
			buildActionMask = 2147483647;
			files = (
			);
			runOnlyForDeploymentPostprocessing = 0;
		};
/* End PBXFrameworksBuildPhase section */

/* Begin PBXGroup section */
		8D4546762314D11400DF7CCA = {
			isa = PBXGroup;
			children = (
				8D4546812314D11500DF7CCA /* Virtual Tourist */,
				8D4546802314D11500DF7CCA /* Products */,
			);
			sourceTree = "<group>";
		};
		8D4546802314D11500DF7CCA /* Products */ = {
			isa = PBXGroup;
			children = (
				8D45467F2314D11400DF7CCA /* Virtual Tourist.app */,
			);
			name = Products;
			sourceTree = "<group>";
		};
		8D4546812314D11500DF7CCA /* Virtual Tourist */ = {
			isa = PBXGroup;
			children = (
				8D4546822314D11500DF7CCA /* AppDelegate.swift */,
				8D45469A2314D1D500DF7CCA /* Assets */,
				8D4546992314D1C500DF7CCA /* Models */,
				8D4546982314D1BA00DF7CCA /* Controllers */,
				8D4546972314D1B100DF7CCA /* Views */,
				8D4546912314D11600DF7CCA /* Info.plist */,
			);
			path = "Virtual Tourist";
			sourceTree = "<group>";
		};
		8D4546972314D1B100DF7CCA /* Views */ = {
			isa = PBXGroup;
			children = (
				8D4546862314D11500DF7CCA /* Main.storyboard */,
				8D45468E2314D11600DF7CCA /* LaunchScreen.storyboard */,
			);
			path = Views;
			sourceTree = "<group>";
		};
		8D4546982314D1BA00DF7CCA /* Controllers */ = {
			isa = PBXGroup;
			children = (
				8D45469D2315139500DF7CCA /* MainMapViewController.swift */,
				8D4546A123152B9300DF7CCA /* PhotoAlbumViewController.swift */,
				8D0BAC9F231A8AB200728CA4 /* GalleryCell.swift */,
			);
			path = Controllers;
			sourceTree = "<group>";
		};
		8D4546992314D1C500DF7CCA /* Models */ = {
			isa = PBXGroup;
			children = (
				8DFDC712231E84B000AFFC68 /* Requests */,
				8DFDC70F231E12A700AFFC68 /* Responses */,
				8D4546A72315825A00DF7CCA /* DataController.swift */,
				8D93840F2316A355002027B9 /* VirtualTourist.xcdatamodeld */,
				8DFDC70D231E00B500AFFC68 /* AppClient.swift */,
			);
			path = Models;
			sourceTree = "<group>";
		};
		8D45469A2314D1D500DF7CCA /* Assets */ = {
			isa = PBXGroup;
			children = (
				8D45468C2314D11600DF7CCA /* Assets.xcassets */,
			);
			path = Assets;
			sourceTree = "<group>";
		};
		8DFDC70F231E12A700AFFC68 /* Responses */ = {
			isa = PBXGroup;
			children = (
				8DFDC710231E12BC00AFFC68 /* PhotoResponse.swift */,
			);
			path = Responses;
			sourceTree = "<group>";
		};
		8DFDC712231E84B000AFFC68 /* Requests */ = {
			isa = PBXGroup;
			children = (
				8DFDC713231E84C600AFFC68 /* PhotoSearchRequest.swift */,
			);
			path = Requests;
			sourceTree = "<group>";
		};
/* End PBXGroup section */

/* Begin PBXNativeTarget section */
		8D45467E2314D11400DF7CCA /* Virtual Tourist */ = {
			isa = PBXNativeTarget;
			buildConfigurationList = 8D4546942314D11600DF7CCA /* Build configuration list for PBXNativeTarget "Virtual Tourist" */;
			buildPhases = (
				8D45467B2314D11400DF7CCA /* Sources */,
				8D45467C2314D11400DF7CCA /* Frameworks */,
				8D45467D2314D11400DF7CCA /* Resources */,
			);
			buildRules = (
			);
			dependencies = (
			);
			name = "Virtual Tourist";
			productName = "Virtual Tourist";
			productReference = 8D45467F2314D11400DF7CCA /* Virtual Tourist.app */;
			productType = "com.apple.product-type.application";
		};
/* End PBXNativeTarget section */

/* Begin PBXProject section */
		8D4546772314D11400DF7CCA /* Project object */ = {
			isa = PBXProject;
			attributes = {
				LastSwiftUpdateCheck = 1030;
				LastUpgradeCheck = 1030;
				ORGANIZATIONNAME = SpaCE_MAC;
				TargetAttributes = {
					8D45467E2314D11400DF7CCA = {
						CreatedOnToolsVersion = 10.3;
					};
				};
			};
			buildConfigurationList = 8D45467A2314D11400DF7CCA /* Build configuration list for PBXProject "Virtual Tourist" */;
			compatibilityVersion = "Xcode 9.3";
			developmentRegion = en;
			hasScannedForEncodings = 0;
			knownRegions = (
				en,
				Base,
			);
			mainGroup = 8D4546762314D11400DF7CCA;
			productRefGroup = 8D4546802314D11500DF7CCA /* Products */;
			projectDirPath = "";
			projectRoot = "";
			targets = (
				8D45467E2314D11400DF7CCA /* Virtual Tourist */,
			);
		};
/* End PBXProject section */

/* Begin PBXResourcesBuildPhase section */
		8D45467D2314D11400DF7CCA /* Resources */ = {
			isa = PBXResourcesBuildPhase;
			buildActionMask = 2147483647;
			files = (
				8D4546902314D11600DF7CCA /* LaunchScreen.storyboard in Resources */,
				8D45468D2314D11600DF7CCA /* Assets.xcassets in Resources */,
				8D4546882314D11500DF7CCA /* Main.storyboard in Resources */,
			);
			runOnlyForDeploymentPostprocessing = 0;
		};
/* End PBXResourcesBuildPhase section */

/* Begin PBXSourcesBuildPhase section */
		8D45467B2314D11400DF7CCA /* Sources */ = {
			isa = PBXSourcesBuildPhase;
			buildActionMask = 2147483647;
			files = (
				8D0BACA0231A8AB200728CA4 /* GalleryCell.swift in Sources */,
				8D4546A82315825A00DF7CCA /* DataController.swift in Sources */,
				8D9384112316A355002027B9 /* VirtualTourist.xcdatamodeld in Sources */,
				8D45469E2315139500DF7CCA /* MainMapViewController.swift in Sources */,
				8D4546832314D11500DF7CCA /* AppDelegate.swift in Sources */,
				8DFDC70E231E00B500AFFC68 /* AppClient.swift in Sources */,
				8DFDC714231E84C600AFFC68 /* PhotoSearchRequest.swift in Sources */,
				8D4546A223152B9400DF7CCA /* PhotoAlbumViewController.swift in Sources */,
				8DFDC711231E12BC00AFFC68 /* PhotoResponse.swift in Sources */,
			);
			runOnlyForDeploymentPostprocessing = 0;
		};
/* End PBXSourcesBuildPhase section */

/* Begin PBXVariantGroup section */
		8D4546862314D11500DF7CCA /* Main.storyboard */ = {
			isa = PBXVariantGroup;
			children = (
				8D4546872314D11500DF7CCA /* Base */,
			);
			name = Main.storyboard;
			sourceTree = "<group>";
		};
		8D45468E2314D11600DF7CCA /* LaunchScreen.storyboard */ = {
			isa = PBXVariantGroup;
			children = (
				8D45468F2314D11600DF7CCA /* Base */,
			);
			name = LaunchScreen.storyboard;
			sourceTree = "<group>";
		};
/* End PBXVariantGroup section */

/* Begin XCBuildConfiguration section */
		8D4546922314D11600DF7CCA /* Debug */ = {
			isa = XCBuildConfiguration;
			buildSettings = {
				ALWAYS_SEARCH_USER_PATHS = NO;
				CLANG_ANALYZER_NONNULL = YES;
				CLANG_ANALYZER_NUMBER_OBJECT_CONVERSION = YES_AGGRESSIVE;
				CLANG_CXX_LANGUAGE_STANDARD = "gnu++14";
				CLANG_CXX_LIBRARY = "libc++";
				CLANG_ENABLE_MODULES = YES;
				CLANG_ENABLE_OBJC_ARC = YES;
				CLANG_ENABLE_OBJC_WEAK = YES;
				CLANG_WARN_BLOCK_CAPTURE_AUTORELEASING = YES;
				CLANG_WARN_BOOL_CONVERSION = YES;
				CLANG_WARN_COMMA = YES;
				CLANG_WARN_CONSTANT_CONVERSION = YES;
				CLANG_WARN_DEPRECATED_OBJC_IMPLEMENTATIONS = YES;
				CLANG_WARN_DIRECT_OBJC_ISA_USAGE = YES_ERROR;
				CLANG_WARN_DOCUMENTATION_COMMENTS = YES;
				CLANG_WARN_EMPTY_BODY = YES;
				CLANG_WARN_ENUM_CONVERSION = YES;
				CLANG_WARN_INFINITE_RECURSION = YES;
				CLANG_WARN_INT_CONVERSION = YES;
				CLANG_WARN_NON_LITERAL_NULL_CONVERSION = YES;
				CLANG_WARN_OBJC_IMPLICIT_RETAIN_SELF = YES;
				CLANG_WARN_OBJC_LITERAL_CONVERSION = YES;
				CLANG_WARN_OBJC_ROOT_CLASS = YES_ERROR;
				CLANG_WARN_RANGE_LOOP_ANALYSIS = YES;
				CLANG_WARN_STRICT_PROTOTYPES = YES;
				CLANG_WARN_SUSPICIOUS_MOVE = YES;
				CLANG_WARN_UNGUARDED_AVAILABILITY = YES_AGGRESSIVE;
				CLANG_WARN_UNREACHABLE_CODE = YES;
				CLANG_WARN__DUPLICATE_METHOD_MATCH = YES;
				CODE_SIGN_IDENTITY = "iPhone Developer";
				COPY_PHASE_STRIP = NO;
				DEBUG_INFORMATION_FORMAT = dwarf;
				ENABLE_STRICT_OBJC_MSGSEND = YES;
				ENABLE_TESTABILITY = YES;
				GCC_C_LANGUAGE_STANDARD = gnu11;
				GCC_DYNAMIC_NO_PIC = NO;
				GCC_NO_COMMON_BLOCKS = YES;
				GCC_OPTIMIZATION_LEVEL = 0;
				GCC_PREPROCESSOR_DEFINITIONS = (
					"DEBUG=1",
					"$(inherited)",
				);
				GCC_WARN_64_TO_32_BIT_CONVERSION = YES;
				GCC_WARN_ABOUT_RETURN_TYPE = YES_ERROR;
				GCC_WARN_UNDECLARED_SELECTOR = YES;
				GCC_WARN_UNINITIALIZED_AUTOS = YES_AGGRESSIVE;
				GCC_WARN_UNUSED_FUNCTION = YES;
				GCC_WARN_UNUSED_VARIABLE = YES;
				IPHONEOS_DEPLOYMENT_TARGET = 12.4;
				MTL_ENABLE_DEBUG_INFO = INCLUDE_SOURCE;
				MTL_FAST_MATH = YES;
				ONLY_ACTIVE_ARCH = YES;
				SDKROOT = iphoneos;
				SWIFT_ACTIVE_COMPILATION_CONDITIONS = DEBUG;
				SWIFT_OPTIMIZATION_LEVEL = "-Onone";
			};
			name = Debug;
		};
		8D4546932314D11600DF7CCA /* Release */ = {
			isa = XCBuildConfiguration;
			buildSettings = {
				ALWAYS_SEARCH_USER_PATHS = NO;
				CLANG_ANALYZER_NONNULL = YES;
				CLANG_ANALYZER_NUMBER_OBJECT_CONVERSION = YES_AGGRESSIVE;
				CLANG_CXX_LANGUAGE_STANDARD = "gnu++14";
				CLANG_CXX_LIBRARY = "libc++";
				CLANG_ENABLE_MODULES = YES;
				CLANG_ENABLE_OBJC_ARC = YES;
				CLANG_ENABLE_OBJC_WEAK = YES;
				CLANG_WARN_BLOCK_CAPTURE_AUTORELEASING = YES;
				CLANG_WARN_BOOL_CONVERSION = YES;
				CLANG_WARN_COMMA = YES;
				CLANG_WARN_CONSTANT_CONVERSION = YES;
				CLANG_WARN_DEPRECATED_OBJC_IMPLEMENTATIONS = YES;
				CLANG_WARN_DIRECT_OBJC_ISA_USAGE = YES_ERROR;
				CLANG_WARN_DOCUMENTATION_COMMENTS = YES;
				CLANG_WARN_EMPTY_BODY = YES;
				CLANG_WARN_ENUM_CONVERSION = YES;
				CLANG_WARN_INFINITE_RECURSION = YES;
				CLANG_WARN_INT_CONVERSION = YES;
				CLANG_WARN_NON_LITERAL_NULL_CONVERSION = YES;
				CLANG_WARN_OBJC_IMPLICIT_RETAIN_SELF = YES;
				CLANG_WARN_OBJC_LITERAL_CONVERSION = YES;
				CLANG_WARN_OBJC_ROOT_CLASS = YES_ERROR;
				CLANG_WARN_RANGE_LOOP_ANALYSIS = YES;
				CLANG_WARN_STRICT_PROTOTYPES = YES;
				CLANG_WARN_SUSPICIOUS_MOVE = YES;
				CLANG_WARN_UNGUARDED_AVAILABILITY = YES_AGGRESSIVE;
				CLANG_WARN_UNREACHABLE_CODE = YES;
				CLANG_WARN__DUPLICATE_METHOD_MATCH = YES;
				CODE_SIGN_IDENTITY = "iPhone Developer";
				COPY_PHASE_STRIP = NO;
				DEBUG_INFORMATION_FORMAT = "dwarf-with-dsym";
				ENABLE_NS_ASSERTIONS = NO;
				ENABLE_STRICT_OBJC_MSGSEND = YES;
				GCC_C_LANGUAGE_STANDARD = gnu11;
				GCC_NO_COMMON_BLOCKS = YES;
				GCC_WARN_64_TO_32_BIT_CONVERSION = YES;
				GCC_WARN_ABOUT_RETURN_TYPE = YES_ERROR;
				GCC_WARN_UNDECLARED_SELECTOR = YES;
				GCC_WARN_UNINITIALIZED_AUTOS = YES_AGGRESSIVE;
				GCC_WARN_UNUSED_FUNCTION = YES;
				GCC_WARN_UNUSED_VARIABLE = YES;
				IPHONEOS_DEPLOYMENT_TARGET = 12.4;
				MTL_ENABLE_DEBUG_INFO = NO;
				MTL_FAST_MATH = YES;
				SDKROOT = iphoneos;
				SWIFT_COMPILATION_MODE = wholemodule;
				SWIFT_OPTIMIZATION_LEVEL = "-O";
				VALIDATE_PRODUCT = YES;
			};
			name = Release;
		};
		8D4546952314D11600DF7CCA /* Debug */ = {
			isa = XCBuildConfiguration;
			buildSettings = {
				ASSETCATALOG_COMPILER_APPICON_NAME = AppIcon;
				CODE_SIGN_STYLE = Automatic;
				DEVELOPMENT_TEAM = PQN4H56S87;
				INFOPLIST_FILE = "Virtual Tourist/Info.plist";
				IPHONEOS_DEPLOYMENT_TARGET = 11.0;
				LD_RUNPATH_SEARCH_PATHS = (
					"$(inherited)",
					"@executable_path/Frameworks",
				);
				PRODUCT_BUNDLE_IDENTIFIER = "com.virtualtourist.jay.Virtual-Tourist";
				PRODUCT_NAME = "$(TARGET_NAME)";
				SWIFT_VERSION = 5.0;
				TARGETED_DEVICE_FAMILY = "1,2";
			};
			name = Debug;
		};
		8D4546962314D11600DF7CCA /* Release */ = {
			isa = XCBuildConfiguration;
			buildSettings = {
				ASSETCATALOG_COMPILER_APPICON_NAME = AppIcon;
				CODE_SIGN_STYLE = Automatic;
				DEVELOPMENT_TEAM = PQN4H56S87;
				INFOPLIST_FILE = "Virtual Tourist/Info.plist";
				IPHONEOS_DEPLOYMENT_TARGET = 11.0;
				LD_RUNPATH_SEARCH_PATHS = (
					"$(inherited)",
					"@executable_path/Frameworks",
				);
				PRODUCT_BUNDLE_IDENTIFIER = "com.virtualtourist.jay.Virtual-Tourist";
				PRODUCT_NAME = "$(TARGET_NAME)";
				SWIFT_VERSION = 5.0;
				TARGETED_DEVICE_FAMILY = "1,2";
			};
			name = Release;
		};
/* End XCBuildConfiguration section */

/* Begin XCConfigurationList section */
		8D45467A2314D11400DF7CCA /* Build configuration list for PBXProject "Virtual Tourist" */ = {
			isa = XCConfigurationList;
			buildConfigurations = (
				8D4546922314D11600DF7CCA /* Debug */,
				8D4546932314D11600DF7CCA /* Release */,
			);
			defaultConfigurationIsVisible = 0;
			defaultConfigurationName = Release;
		};
		8D4546942314D11600DF7CCA /* Build configuration list for PBXNativeTarget "Virtual Tourist" */ = {
			isa = XCConfigurationList;
			buildConfigurations = (
				8D4546952314D11600DF7CCA /* Debug */,
				8D4546962314D11600DF7CCA /* Release */,
			);
			defaultConfigurationIsVisible = 0;
			defaultConfigurationName = Release;
		};
/* End XCConfigurationList section */

/* Begin XCVersionGroup section */
		8D93840F2316A355002027B9 /* VirtualTourist.xcdatamodeld */ = {
			isa = XCVersionGroup;
			children = (
				8D9384102316A355002027B9 /* VirtualTourist.xcdatamodel */,
			);
			currentVersion = 8D9384102316A355002027B9 /* VirtualTourist.xcdatamodel */;
			path = VirtualTourist.xcdatamodeld;
			sourceTree = "<group>";
			versionGroupType = wrapper.xcdatamodel;
		};
/* End XCVersionGroup section */
	};
	rootObject = 8D4546772314D11400DF7CCA /* Project object */;
}
